// !$*UTF8*$!
{
	archiveVersion = 1;
	classes = {
	};
	objectVersion = 46;
	objects = {

/* Begin PBXBuildFile section */
		057E70F81C9FCB65004FA137 /* main.m in Sources */ = {isa = PBXBuildFile; fileRef = 057E70F71C9FCB65004FA137 /* main.m */; };
		057E70FB1C9FCB65004FA137 /* AppDelegate.m in Sources */ = {isa = PBXBuildFile; fileRef = 057E70FA1C9FCB65004FA137 /* AppDelegate.m */; };
		057E70FE1C9FCB65004FA137 /* ViewController.m in Sources */ = {isa = PBXBuildFile; fileRef = 057E70FD1C9FCB65004FA137 /* ViewController.m */; };
		057E71011C9FCB65004FA137 /* Main.storyboard in Resources */ = {isa = PBXBuildFile; fileRef = 057E70FF1C9FCB65004FA137 /* Main.storyboard */; };
		057E71031C9FCB65004FA137 /* Assets.xcassets in Resources */ = {isa = PBXBuildFile; fileRef = 057E71021C9FCB65004FA137 /* Assets.xcassets */; };
		057E71061C9FCB65004FA137 /* LaunchScreen.storyboard in Resources */ = {isa = PBXBuildFile; fileRef = 057E71041C9FCB65004FA137 /* LaunchScreen.storyboard */; };
		057E71111C9FCB65004FA137 /* QRCodeDemoTests.m in Sources */ = {isa = PBXBuildFile; fileRef = 057E71101C9FCB65004FA137 /* QRCodeDemoTests.m */; };
		057E711C1C9FCB65004FA137 /* QRCodeDemoUITests.m in Sources */ = {isa = PBXBuildFile; fileRef = 057E711B1C9FCB65004FA137 /* QRCodeDemoUITests.m */; };
/* End PBXBuildFile section */

/* Begin PBXContainerItemProxy section */
		057E710D1C9FCB65004FA137 /* PBXContainerItemProxy */ = {
			isa = PBXContainerItemProxy;
			containerPortal = 057E70EB1C9FCB65004FA137 /* Project object */;
			proxyType = 1;
			remoteGlobalIDString = 057E70F21C9FCB65004FA137;
			remoteInfo = QRCodeDemo;
		};
		057E71181C9FCB65004FA137 /* PBXContainerItemProxy */ = {
			isa = PBXContainerItemProxy;
			containerPortal = 057E70EB1C9FCB65004FA137 /* Project object */;
			proxyType = 1;
			remoteGlobalIDString = 057E70F21C9FCB65004FA137;
			remoteInfo = QRCodeDemo;
		};
/* End PBXContainerItemProxy section */

/* Begin PBXFileReference section */
		057E70F31C9FCB65004FA137 /* QRCodeDemo.app */ = {isa = PBXFileReference; explicitFileType = wrapper.application; includeInIndex = 0; path = QRCodeDemo.app; sourceTree = BUILT_PRODUCTS_DIR; };
		057E70F71C9FCB65004FA137 /* main.m */ = {isa = PBXFileReference; lastKnownFileType = sourcecode.c.objc; path = main.m; sourceTree = "<group>"; };
		057E70F91C9FCB65004FA137 /* AppDelegate.h */ = {isa = PBXFileReference; lastKnownFileType = sourcecode.c.h; path = AppDelegate.h; sourceTree = "<group>"; };
		057E70FA1C9FCB65004FA137 /* AppDelegate.m */ = {isa = PBXFileReference; lastKnownFileType = sourcecode.c.objc; path = AppDelegate.m; sourceTree = "<group>"; };
		057E70FC1C9FCB65004FA137 /* ViewController.h */ = {isa = PBXFileReference; lastKnownFileType = sourcecode.c.h; path = ViewController.h; sourceTree = "<group>"; };
		057E70FD1C9FCB65004FA137 /* ViewController.m */ = {isa = PBXFileReference; lastKnownFileType = sourcecode.c.objc; path = ViewController.m; sourceTree = "<group>"; };
		057E71001C9FCB65004FA137 /* Base */ = {isa = PBXFileReference; lastKnownFileType = file.storyboard; name = Base; path = Base.lproj/Main.storyboard; sourceTree = "<group>"; };
		057E71021C9FCB65004FA137 /* Assets.xcassets */ = {isa = PBXFileReference; lastKnownFileType = folder.assetcatalog; path = Assets.xcassets; sourceTree = "<group>"; };
		057E71051C9FCB65004FA137 /* Base */ = {isa = PBXFileReference; lastKnownFileType = file.storyboard; name = Base; path = Base.lproj/LaunchScreen.storyboard; sourceTree = "<group>"; };
		057E71071C9FCB65004FA137 /* Info.plist */ = {isa = PBXFileReference; lastKnownFileType = text.plist.xml; path = Info.plist; sourceTree = "<group>"; };
		057E710C1C9FCB65004FA137 /* QRCodeDemoTests.xctest */ = {isa = PBXFileReference; explicitFileType = wrapper.cfbundle; includeInIndex = 0; path = QRCodeDemoTests.xctest; sourceTree = BUILT_PRODUCTS_DIR; };
		057E71101C9FCB65004FA137 /* QRCodeDemoTests.m */ = {isa = PBXFileReference; lastKnownFileType = sourcecode.c.objc; path = QRCodeDemoTests.m; sourceTree = "<group>"; };
		057E71121C9FCB65004FA137 /* Info.plist */ = {isa = PBXFileReference; lastKnownFileType = text.plist.xml; path = Info.plist; sourceTree = "<group>"; };
		057E71171C9FCB65004FA137 /* QRCodeDemoUITests.xctest */ = {isa = PBXFileReference; explicitFileType = wrapper.cfbundle; includeInIndex = 0; path = QRCodeDemoUITests.xctest; sourceTree = BUILT_PRODUCTS_DIR; };
		057E711B1C9FCB65004FA137 /* QRCodeDemoUITests.m */ = {isa = PBXFileReference; lastKnownFileType = sourcecode.c.objc; path = QRCodeDemoUITests.m; sourceTree = "<group>"; };
		057E711D1C9FCB65004FA137 /* Info.plist */ = {isa = PBXFileReference; lastKnownFileType = text.plist.xml; path = Info.plist; sourceTree = "<group>"; };
/* End PBXFileReference section */

/* Begin PBXFrameworksBuildPhase section */
		057E70F01C9FCB65004FA137 /* Frameworks */ = {
			isa = PBXFrameworksBuildPhase;
			buildActionMask = 2147483647;
			files = (
			);
			runOnlyForDeploymentPostprocessing = 0;
		};
		057E71091C9FCB65004FA137 /* Frameworks */ = {
			isa = PBXFrameworksBuildPhase;
			buildActionMask = 2147483647;
			files = (
			);
			runOnlyForDeploymentPostprocessing = 0;
		};
		057E71141C9FCB65004FA137 /* Frameworks */ = {
			isa = PBXFrameworksBuildPhase;
			buildActionMask = 2147483647;
			files = (
			);
			runOnlyForDeploymentPostprocessing = 0;
		};
/* End PBXFrameworksBuildPhase section */

/* Begin PBXGroup section */
		057E70EA1C9FCB65004FA137 = {
			isa = PBXGroup;
			children = (
				057E70F51C9FCB65004FA137 /* QRCodeDemo */,
				057E710F1C9FCB65004FA137 /* QRCodeDemoTests */,
				057E711A1C9FCB65004FA137 /* QRCodeDemoUITests */,
				057E70F41C9FCB65004FA137 /* Products */,
			);
			sourceTree = "<group>";
		};
		057E70F41C9FCB65004FA137 /* Products */ = {
			isa = PBXGroup;
			children = (
				057E70F31C9FCB65004FA137 /* QRCodeDemo.app */,
				057E710C1C9FCB65004FA137 /* QRCodeDemoTests.xctest */,
				057E71171C9FCB65004FA137 /* QRCodeDemoUITests.xctest */,
			);
			name = Products;
			sourceTree = "<group>";
		};
		057E70F51C9FCB65004FA137 /* QRCodeDemo */ = {
			isa = PBXGroup;
			children = (
				057E70F91C9FCB65004FA137 /* AppDelegate.h */,
				057E70FA1C9FCB65004FA137 /* AppDelegate.m */,
				057E70FC1C9FCB65004FA137 /* ViewController.h */,
				057E70FD1C9FCB65004FA137 /* ViewController.m */,
				057E70FF1C9FCB65004FA137 /* Main.storyboard */,
				057E71021C9FCB65004FA137 /* Assets.xcassets */,
				057E71041C9FCB65004FA137 /* LaunchScreen.storyboard */,
				057E71071C9FCB65004FA137 /* Info.plist */,
				057E70F61C9FCB65004FA137 /* Supporting Files */,
			);
			path = QRCodeDemo;
			sourceTree = "<group>";
		};
		057E70F61C9FCB65004FA137 /* Supporting Files */ = {
			isa = PBXGroup;
			children = (
				057E70F71C9FCB65004FA137 /* main.m */,
			);
			name = "Supporting Files";
			sourceTree = "<group>";
		};
		057E710F1C9FCB65004FA137 /* QRCodeDemoTests */ = {
			isa = PBXGroup;
			children = (
				057E71101C9FCB65004FA137 /* QRCodeDemoTests.m */,
				057E71121C9FCB65004FA137 /* Info.plist */,
			);
			path = QRCodeDemoTests;
			sourceTree = "<group>";
		};
		057E711A1C9FCB65004FA137 /* QRCodeDemoUITests */ = {
			isa = PBXGroup;
			children = (
				057E711B1C9FCB65004FA137 /* QRCodeDemoUITests.m */,
				057E711D1C9FCB65004FA137 /* Info.plist */,
			);
			path = QRCodeDemoUITests;
			sourceTree = "<group>";
		};
/* End PBXGroup section */

/* Begin PBXNativeTarget section */
		057E70F21C9FCB65004FA137 /* QRCodeDemo */ = {
			isa = PBXNativeTarget;
			buildConfigurationList = 057E71201C9FCB65004FA137 /* Build configuration list for PBXNativeTarget "QRCodeDemo" */;
			buildPhases = (
				057E70EF1C9FCB65004FA137 /* Sources */,
				057E70F01C9FCB65004FA137 /* Frameworks */,
				057E70F11C9FCB65004FA137 /* Resources */,
			);
			buildRules = (
			);
			dependencies = (
			);
			name = QRCodeDemo;
			productName = QRCodeDemo;
			productReference = 057E70F31C9FCB65004FA137 /* QRCodeDemo.app */;
			productType = "com.apple.product-type.application";
		};
		057E710B1C9FCB65004FA137 /* QRCodeDemoTests */ = {
			isa = PBXNativeTarget;
			buildConfigurationList = 057E71231C9FCB65004FA137 /* Build configuration list for PBXNativeTarget "QRCodeDemoTests" */;
			buildPhases = (
				057E71081C9FCB65004FA137 /* Sources */,
				057E71091C9FCB65004FA137 /* Frameworks */,
				057E710A1C9FCB65004FA137 /* Resources */,
			);
			buildRules = (
			);
			dependencies = (
				057E710E1C9FCB65004FA137 /* PBXTargetDependency */,
			);
			name = QRCodeDemoTests;
			productName = QRCodeDemoTests;
			productReference = 057E710C1C9FCB65004FA137 /* QRCodeDemoTests.xctest */;
			productType = "com.apple.product-type.bundle.unit-test";
		};
		057E71161C9FCB65004FA137 /* QRCodeDemoUITests */ = {
			isa = PBXNativeTarget;
			buildConfigurationList = 057E71261C9FCB65004FA137 /* Build configuration list for PBXNativeTarget "QRCodeDemoUITests" */;
			buildPhases = (
				057E71131C9FCB65004FA137 /* Sources */,
				057E71141C9FCB65004FA137 /* Frameworks */,
				057E71151C9FCB65004FA137 /* Resources */,
			);
			buildRules = (
			);
			dependencies = (
				057E71191C9FCB65004FA137 /* PBXTargetDependency */,
			);
			name = QRCodeDemoUITests;
			productName = QRCodeDemoUITests;
			productReference = 057E71171C9FCB65004FA137 /* QRCodeDemoUITests.xctest */;
			productType = "com.apple.product-type.bundle.ui-testing";
		};
/* End PBXNativeTarget section */

/* Begin PBXProject section */
		057E70EB1C9FCB65004FA137 /* Project object */ = {
			isa = PBXProject;
			attributes = {
				LastUpgradeCheck = 0720;
				ORGANIZATIONNAME = Lucky;
				TargetAttributes = {
					057E70F21C9FCB65004FA137 = {
						CreatedOnToolsVersion = 7.2;
						DevelopmentTeam = MTB63XHPHB;
					};
					057E710B1C9FCB65004FA137 = {
						CreatedOnToolsVersion = 7.2;
						TestTargetID = 057E70F21C9FCB65004FA137;
					};
					057E71161C9FCB65004FA137 = {
						CreatedOnToolsVersion = 7.2;
						TestTargetID = 057E70F21C9FCB65004FA137;
					};
				};
			};
			buildConfigurationList = 057E70EE1C9FCB65004FA137 /* Build configuration list for PBXProject "QRCodeDemo" */;
			compatibilityVersion = "Xcode 3.2";
			developmentRegion = English;
			hasScannedForEncodings = 0;
			knownRegions = (
				en,
				Base,
			);
			mainGroup = 057E70EA1C9FCB65004FA137;
			productRefGroup = 057E70F41C9FCB65004FA137 /* Products */;
			projectDirPath = "";
			projectRoot = "";
			targets = (
				057E70F21C9FCB65004FA137 /* QRCodeDemo */,
				057E710B1C9FCB65004FA137 /* QRCodeDemoTests */,
				057E71161C9FCB65004FA137 /* QRCodeDemoUITests */,
			);
		};
/* End PBXProject section */

/* Begin PBXResourcesBuildPhase section */
		057E70F11C9FCB65004FA137 /* Resources */ = {
			isa = PBXResourcesBuildPhase;
			buildActionMask = 2147483647;
			files = (
				057E71061C9FCB65004FA137 /* LaunchScreen.storyboard in Resources */,
				057E71031C9FCB65004FA137 /* Assets.xcassets in Resources */,
				057E71011C9FCB65004FA137 /* Main.storyboard in Resources */,
			);
			runOnlyForDeploymentPostprocessing = 0;
		};
		057E710A1C9FCB65004FA137 /* Resources */ = {
			isa = PBXResourcesBuildPhase;
			buildActionMask = 2147483647;
			files = (
			);
			runOnlyForDeploymentPostprocessing = 0;
		};
		057E71151C9FCB65004FA137 /* Resources */ = {
			isa = PBXResourcesBuildPhase;
			buildActionMask = 2147483647;
			files = (
			);
			runOnlyForDeploymentPostprocessing = 0;
		};
/* End PBXResourcesBuildPhase section */

/* Begin PBXSourcesBuildPhase section */
		057E70EF1C9FCB65004FA137 /* Sources */ = {
			isa = PBXSourcesBuildPhase;
			buildActionMask = 2147483647;
			files = (
				057E70FE1C9FCB65004FA137 /* ViewController.m in Sources */,
				057E70FB1C9FCB65004FA137 /* AppDelegate.m in Sources */,
				057E70F81C9FCB65004FA137 /* main.m in Sources */,
			);
			runOnlyForDeploymentPostprocessing = 0;
		};
		057E71081C9FCB65004FA137 /* Sources */ = {
			isa = PBXSourcesBuildPhase;
			buildActionMask = 2147483647;
			files = (
				057E71111C9FCB65004FA137 /* QRCodeDemoTests.m in Sources */,
			);
			runOnlyForDeploymentPostprocessing = 0;
		};
		057E71131C9FCB65004FA137 /* Sources */ = {
			isa = PBXSourcesBuildPhase;
			buildActionMask = 2147483647;
			files = (
				057E711C1C9FCB65004FA137 /* QRCodeDemoUITests.m in Sources */,
			);
			runOnlyForDeploymentPostprocessing = 0;
		};
/* End PBXSourcesBuildPhase section */

/* Begin PBXTargetDependency section */
		057E710E1C9FCB65004FA137 /* PBXTargetDependency */ = {
			isa = PBXTargetDependency;
			target = 057E70F21C9FCB65004FA137 /* QRCodeDemo */;
			targetProxy = 057E710D1C9FCB65004FA137 /* PBXContainerItemProxy */;
		};
		057E71191C9FCB65004FA137 /* PBXTargetDependency */ = {
			isa = PBXTargetDependency;
			target = 057E70F21C9FCB65004FA137 /* QRCodeDemo */;
			targetProxy = 057E71181C9FCB65004FA137 /* PBXContainerItemProxy */;
		};
/* End PBXTargetDependency section */

/* Begin PBXVariantGroup section */
		057E70FF1C9FCB65004FA137 /* Main.storyboard */ = {
			isa = PBXVariantGroup;
			children = (
				057E71001C9FCB65004FA137 /* Base */,
			);
			name = Main.storyboard;
			sourceTree = "<group>";
		};
		057E71041C9FCB65004FA137 /* LaunchScreen.storyboard */ = {
			isa = PBXVariantGroup;
			children = (
				057E71051C9FCB65004FA137 /* Base */,
			);
			name = LaunchScreen.storyboard;
			sourceTree = "<group>";
		};
/* End PBXVariantGroup section */

/* Begin XCBuildConfiguration section */
		057E711E1C9FCB65004FA137 /* Debug */ = {
			isa = XCBuildConfiguration;
			buildSettings = {
				ALWAYS_SEARCH_USER_PATHS = NO;
				CLANG_CXX_LANGUAGE_STANDARD = "gnu++0x";
				CLANG_CXX_LIBRARY = "libc++";
				CLANG_ENABLE_MODULES = YES;
				CLANG_ENABLE_OBJC_ARC = YES;
				CLANG_WARN_BOOL_CONVERSION = YES;
				CLANG_WARN_CONSTANT_CONVERSION = YES;
				CLANG_WARN_DIRECT_OBJC_ISA_USAGE = YES_ERROR;
				CLANG_WARN_EMPTY_BODY = YES;
				CLANG_WARN_ENUM_CONVERSION = YES;
				CLANG_WARN_INT_CONVERSION = YES;
				CLANG_WARN_OBJC_ROOT_CLASS = YES_ERROR;
				CLANG_WARN_UNREACHABLE_CODE = YES;
				CLANG_WARN__DUPLICATE_METHOD_MATCH = YES;
				"CODE_SIGN_IDENTITY[sdk=iphoneos*]" = "iPhone Developer";
				COPY_PHASE_STRIP = NO;
				DEBUG_INFORMATION_FORMAT = dwarf;
				ENABLE_STRICT_OBJC_MSGSEND = YES;
				ENABLE_TESTABILITY = YES;
				GCC_C_LANGUAGE_STANDARD = gnu99;
				GCC_DYNAMIC_NO_PIC = NO;
				GCC_NO_COMMON_BLOCKS = YES;
				GCC_OPTIMIZATION_LEVEL = 0;
				GCC_PREPROCESSOR_DEFINITIONS = (
					"DEBUG=1",
					"$(inherited)",
				);
				GCC_WARN_64_TO_32_BIT_CONVERSION = YES;
				GCC_WARN_ABOUT_RETURN_TYPE = YES_ERROR;
				GCC_WARN_UNDECLARED_SELECTOR = YES;
				GCC_WARN_UNINITIALIZED_AUTOS = YES_AGGRESSIVE;
				GCC_WARN_UNUSED_FUNCTION = YES;
				GCC_WARN_UNUSED_VARIABLE = YES;
				IPHONEOS_DEPLOYMENT_TARGET = 9.2;
				MTL_ENABLE_DEBUG_INFO = YES;
				ONLY_ACTIVE_ARCH = YES;
				SDKROOT = iphoneos;
			};
			name = Debug;
		};
		057E711F1C9FCB65004FA137 /* Release */ = {
			isa = XCBuildConfiguration;
			buildSettings = {
				ALWAYS_SEARCH_USER_PATHS = NO;
				CLANG_CXX_LANGUAGE_STANDARD = "gnu++0x";
				CLANG_CXX_LIBRARY = "libc++";
				CLANG_ENABLE_MODULES = YES;
				CLANG_ENABLE_OBJC_ARC = YES;
				CLANG_WARN_BOOL_CONVERSION = YES;
				CLANG_WARN_CONSTANT_CONVERSION = YES;
				CLANG_WARN_DIRECT_OBJC_ISA_USAGE = YES_ERROR;
				CLANG_WARN_EMPTY_BODY = YES;
				CLANG_WARN_ENUM_CONVERSION = YES;
				CLANG_WARN_INT_CONVERSION = YES;
				CLANG_WARN_OBJC_ROOT_CLASS = YES_ERROR;
				CLANG_WARN_UNREACHABLE_CODE = YES;
				CLANG_WARN__DUPLICATE_METHOD_MATCH = YES;
				"CODE_SIGN_IDENTITY[sdk=iphoneos*]" = "iPhone Developer";
				COPY_PHASE_STRIP = NO;
				DEBUG_INFORMATION_FORMAT = "dwarf-with-dsym";
				ENABLE_NS_ASSERTIONS = NO;
				ENABLE_STRICT_OBJC_MSGSEND = YES;
				GCC_C_LANGUAGE_STANDARD = gnu99;
				GCC_NO_COMMON_BLOCKS = YES;
				GCC_WARN_64_TO_32_BIT_CONVERSION = YES;
				GCC_WARN_ABOUT_RETURN_TYPE = YES_ERROR;
				GCC_WARN_UNDECLARED_SELECTOR = YES;
				GCC_WARN_UNINITIALIZED_AUTOS = YES_AGGRESSIVE;
				GCC_WARN_UNUSED_FUNCTION = YES;
				GCC_WARN_UNUSED_VARIABLE = YES;
				IPHONEOS_DEPLOYMENT_TARGET = 9.2;
				MTL_ENABLE_DEBUG_INFO = NO;
				SDKROOT = iphoneos;
				VALIDATE_PRODUCT = YES;
			};
			name = Release;
		};
		057E71211C9FCB65004FA137 /* Debug */ = {
			isa = XCBuildConfiguration;
			buildSettings = {
				ASSETCATALOG_COMPILER_APPICON_NAME = AppIcon;
				CODE_SIGN_IDENTITY = "iPhone Developer";
				INFOPLIST_FILE = QRCodeDemo/Info.plist;
				LD_RUNPATH_SEARCH_PATHS = "$(inherited) @executable_path/Frameworks";
				PRODUCT_BUNDLE_IDENTIFIER = com.odr.odr;
				PRODUCT_NAME = "$(TARGET_NAME)";
				PROVISIONING_PROFILE = "a0b7b8ea-b22c-4a5d-8437-8ceefd9c77e1";
			};
			name = Debug;
		};
		057E71221C9FCB65004FA137 /* Release */ = {
			isa = XCBuildConfiguration;
			buildSettings = {
				ASSETCATALOG_COMPILER_APPICON_NAME = AppIcon;
				CODE_SIGN_IDENTITY = "iPhone Developer";
				INFOPLIST_FILE = QRCodeDemo/Info.plist;
				LD_RUNPATH_SEARCH_PATHS = "$(inherited) @executable_path/Frameworks";
				PRODUCT_BUNDLE_IDENTIFIER = com.odr.odr;
				PRODUCT_NAME = "$(TARGET_NAME)";
				PROVISIONING_PROFILE = "a0b7b8ea-b22c-4a5d-8437-8ceefd9c77e1";
			};
			name = Release;
		};
		057E71241C9FCB65004FA137 /* Debug */ = {
			isa = XCBuildConfiguration;
			buildSettings = {
				BUNDLE_LOADER = "$(TEST_HOST)";
				INFOPLIST_FILE = QRCodeDemoTests/Info.plist;
				LD_RUNPATH_SEARCH_PATHS = "$(inherited) @executable_path/Frameworks @loader_path/Frameworks";
				PRODUCT_BUNDLE_IDENTIFIER = ttx.QRCodeDemoTests;
				PRODUCT_NAME = "$(TARGET_NAME)";
				TEST_HOST = "$(BUILT_PRODUCTS_DIR)/QRCodeDemo.app/QRCodeDemo";
			};
			name = Debug;
		};
		057E71251C9FCB65004FA137 /* Release */ = {
			isa = XCBuildConfiguration;
			buildSettings = {
				BUNDLE_LOADER = "$(TEST_HOST)";
				INFOPLIST_FILE = QRCodeDemoTests/Info.plist;
				LD_RUNPATH_SEARCH_PATHS = "$(inherited) @executable_path/Frameworks @loader_path/Frameworks";
				PRODUCT_BUNDLE_IDENTIFIER = ttx.QRCodeDemoTests;
				PRODUCT_NAME = "$(TARGET_NAME)";
				TEST_HOST = "$(BUILT_PRODUCTS_DIR)/QRCodeDemo.app/QRCodeDemo";
			};
			name = Release;
		};
		057E71271C9FCB65004FA137 /* Debug */ = {
			isa = XCBuildConfiguration;
			buildSettings = {
				INFOPLIST_FILE = QRCodeDemoUITests/Info.plist;
				LD_RUNPATH_SEARCH_PATHS = "$(inherited) @executable_path/Frameworks @loader_path/Frameworks";
				PRODUCT_BUNDLE_IDENTIFIER = ttx.QRCodeDemoUITests;
				PRODUCT_NAME = "$(TARGET_NAME)";
				TEST_TARGET_NAME = QRCodeDemo;
				USES_XCTRUNNER = YES;
			};
			name = Debug;
		};
		057E71281C9FCB65004FA137 /* Release */ = {
			isa = XCBuildConfiguration;
			buildSettings = {
				INFOPLIST_FILE = QRCodeDemoUITests/Info.plist;
				LD_RUNPATH_SEARCH_PATHS = "$(inherited) @executable_path/Frameworks @loader_path/Frameworks";
				PRODUCT_BUNDLE_IDENTIFIER = ttx.QRCodeDemoUITests;
				PRODUCT_NAME = "$(TARGET_NAME)";
				TEST_TARGET_NAME = QRCodeDemo;
				USES_XCTRUNNER = YES;
			};
			name = Release;
		};
/* End XCBuildConfiguration section */

/* Begin XCConfigurationList section */
		057E70EE1C9FCB65004FA137 /* Build configuration list for PBXProject "QRCodeDemo" */ = {
			isa = XCConfigurationList;
			buildConfigurations = (
				057E711E1C9FCB65004FA137 /* Debug */,
				057E711F1C9FCB65004FA137 /* Release */,
			);
			defaultConfigurationIsVisible = 0;
			defaultConfigurationName = Release;
		};
		057E71201C9FCB65004FA137 /* Build configuration list for PBXNativeTarget "QRCodeDemo" */ = {
			isa = XCConfigurationList;
			buildConfigurations = (
				057E71211C9FCB65004FA137 /* Debug */,
				057E71221C9FCB65004FA137 /* Release */,
			);
			defaultConfigurationIsVisible = 0;
			defaultConfigurationName = Release;
		};
		057E71231C9FCB65004FA137 /* Build configuration list for PBXNativeTarget "QRCodeDemoTests" */ = {
			isa = XCConfigurationList;
			buildConfigurations = (
				057E71241C9FCB65004FA137 /* Debug */,
				057E71251C9FCB65004FA137 /* Release */,
			);
			defaultConfigurationIsVisible = 0;
			defaultConfigurationName = Release;
		};
		057E71261C9FCB65004FA137 /* Build configuration list for PBXNativeTarget "QRCodeDemoUITests" */ = {
			isa = XCConfigurationList;
			buildConfigurations = (
				057E71271C9FCB65004FA137 /* Debug */,
				057E71281C9FCB65004FA137 /* Release */,
			);
			defaultConfigurationIsVisible = 0;
			defaultConfigurationName = Release;
		};
/* End XCConfigurationList section */
	};
	rootObject = 057E70EB1C9FCB65004FA137 /* Project object */;
}
