// !$*UTF8*$!
{
	archiveVersion = 1;
	classes = {
	};
	objectVersion = 46;
	objects = {

/* Begin PBXBuildFile section */
		0512503C1E9D1A2D0068615B /* JKRKeyChainTool.m in Sources */ = {isa = PBXBuildFile; fileRef = 0512503B1E9D1A2D0068615B /* JKRKeyChainTool.m */; };
		0512503F1E9D1B760068615B /* Security.framework in Frameworks */ = {isa = PBXBuildFile; fileRef = 0512503E1E9D1B760068615B /* Security.framework */; };
		051250881EA30A0F0068615B /* JKRPerson.m in Sources */ = {isa = PBXBuildFile; fileRef = 051250871EA30A0F0068615B /* JKRPerson.m */; };
		EDD2711A1D0006DE006B12E1 /* main.m in Sources */ = {isa = PBXBuildFile; fileRef = EDD271191D0006DE006B12E1 /* main.m */; };
		EDD2711D1D0006DE006B12E1 /* AppDelegate.m in Sources */ = {isa = PBXBuildFile; fileRef = EDD2711C1D0006DE006B12E1 /* AppDelegate.m */; };
		EDD271201D0006DE006B12E1 /* ViewController.m in Sources */ = {isa = PBXBuildFile; fileRef = EDD2711F1D0006DE006B12E1 /* ViewController.m */; };
		EDD271231D0006DE006B12E1 /* Main.storyboard in Resources */ = {isa = PBXBuildFile; fileRef = EDD271211D0006DE006B12E1 /* Main.storyboard */; };
		EDD271251D0006DE006B12E1 /* Assets.xcassets in Resources */ = {isa = PBXBuildFile; fileRef = EDD271241D0006DE006B12E1 /* Assets.xcassets */; };
		EDD271281D0006DE006B12E1 /* LaunchScreen.storyboard in Resources */ = {isa = PBXBuildFile; fileRef = EDD271261D0006DE006B12E1 /* LaunchScreen.storyboard */; };
/* End PBXBuildFile section */

/* Begin PBXFileReference section */
		0512503A1E9D1A2D0068615B /* JKRKeyChainTool.h */ = {isa = PBXFileReference; fileEncoding = 4; lastKnownFileType = sourcecode.c.h; path = JKRKeyChainTool.h; sourceTree = "<group>"; };
		0512503B1E9D1A2D0068615B /* JKRKeyChainTool.m */ = {isa = PBXFileReference; fileEncoding = 4; lastKnownFileType = sourcecode.c.objc; path = JKRKeyChainTool.m; sourceTree = "<group>"; };
		0512503E1E9D1B760068615B /* Security.framework */ = {isa = PBXFileReference; lastKnownFileType = wrapper.framework; name = Security.framework; path = System/Library/Frameworks/Security.framework; sourceTree = SDKROOT; };
		051250401E9D1CD30068615B /* KeyChainDemo.entitlements */ = {isa = PBXFileReference; lastKnownFileType = text.plist.entitlements; path = KeyChainDemo.entitlements; sourceTree = "<group>"; };
		051250861EA30A0F0068615B /* JKRPerson.h */ = {isa = PBXFileReference; fileEncoding = 4; lastKnownFileType = sourcecode.c.h; path = JKRPerson.h; sourceTree = "<group>"; };
		051250871EA30A0F0068615B /* JKRPerson.m */ = {isa = PBXFileReference; fileEncoding = 4; lastKnownFileType = sourcecode.c.objc; path = JKRPerson.m; sourceTree = "<group>"; };
		EDD271151D0006DE006B12E1 /* KeyChainDemo.app */ = {isa = PBXFileReference; explicitFileType = wrapper.application; includeInIndex = 0; path = KeyChainDemo.app; sourceTree = BUILT_PRODUCTS_DIR; };
		EDD271191D0006DE006B12E1 /* main.m */ = {isa = PBXFileReference; lastKnownFileType = sourcecode.c.objc; path = main.m; sourceTree = "<group>"; };
		EDD2711B1D0006DE006B12E1 /* AppDelegate.h */ = {isa = PBXFileReference; lastKnownFileType = sourcecode.c.h; path = AppDelegate.h; sourceTree = "<group>"; };
		EDD2711C1D0006DE006B12E1 /* AppDelegate.m */ = {isa = PBXFileReference; lastKnownFileType = sourcecode.c.objc; path = AppDelegate.m; sourceTree = "<group>"; };
		EDD2711E1D0006DE006B12E1 /* ViewController.h */ = {isa = PBXFileReference; lastKnownFileType = sourcecode.c.h; path = ViewController.h; sourceTree = "<group>"; };
		EDD2711F1D0006DE006B12E1 /* ViewController.m */ = {isa = PBXFileReference; lastKnownFileType = sourcecode.c.objc; path = ViewController.m; sourceTree = "<group>"; };
		EDD271221D0006DE006B12E1 /* Base */ = {isa = PBXFileReference; lastKnownFileType = file.storyboard; name = Base; path = Base.lproj/Main.storyboard; sourceTree = "<group>"; };
		EDD271241D0006DE006B12E1 /* Assets.xcassets */ = {isa = PBXFileReference; lastKnownFileType = folder.assetcatalog; path = Assets.xcassets; sourceTree = "<group>"; };
		EDD271271D0006DE006B12E1 /* Base */ = {isa = PBXFileReference; lastKnownFileType = file.storyboard; name = Base; path = Base.lproj/LaunchScreen.storyboard; sourceTree = "<group>"; };
		EDD271291D0006DE006B12E1 /* Info.plist */ = {isa = PBXFileReference; lastKnownFileType = text.plist.xml; path = Info.plist; sourceTree = "<group>"; };
/* End PBXFileReference section */

/* Begin PBXFrameworksBuildPhase section */
		EDD271121D0006DE006B12E1 /* Frameworks */ = {
			isa = PBXFrameworksBuildPhase;
			buildActionMask = 2147483647;
			files = (
				0512503F1E9D1B760068615B /* Security.framework in Frameworks */,
			);
			runOnlyForDeploymentPostprocessing = 0;
		};
/* End PBXFrameworksBuildPhase section */

/* Begin PBXGroup section */
		0512503D1E9D1B760068615B /* Frameworks */ = {
			isa = PBXGroup;
			children = (
				0512503E1E9D1B760068615B /* Security.framework */,
			);
			name = Frameworks;
			sourceTree = "<group>";
		};
		EDD2710C1D0006DE006B12E1 = {
			isa = PBXGroup;
			children = (
				EDD271171D0006DE006B12E1 /* KeyChainDemo */,
				EDD271161D0006DE006B12E1 /* Products */,
				0512503D1E9D1B760068615B /* Frameworks */,
			);
			sourceTree = "<group>";
		};
		EDD271161D0006DE006B12E1 /* Products */ = {
			isa = PBXGroup;
			children = (
				EDD271151D0006DE006B12E1 /* KeyChainDemo.app */,
			);
			name = Products;
			sourceTree = "<group>";
		};
		EDD271171D0006DE006B12E1 /* KeyChainDemo */ = {
			isa = PBXGroup;
			children = (
				051250401E9D1CD30068615B /* KeyChainDemo.entitlements */,
				EDD2711B1D0006DE006B12E1 /* AppDelegate.h */,
				EDD2711C1D0006DE006B12E1 /* AppDelegate.m */,
				EDD2711E1D0006DE006B12E1 /* ViewController.h */,
				EDD2711F1D0006DE006B12E1 /* ViewController.m */,
				051250861EA30A0F0068615B /* JKRPerson.h */,
				051250871EA30A0F0068615B /* JKRPerson.m */,
				0512503A1E9D1A2D0068615B /* JKRKeyChainTool.h */,
				0512503B1E9D1A2D0068615B /* JKRKeyChainTool.m */,
				EDD271211D0006DE006B12E1 /* Main.storyboard */,
				EDD271241D0006DE006B12E1 /* Assets.xcassets */,
				EDD271261D0006DE006B12E1 /* LaunchScreen.storyboard */,
				EDD271291D0006DE006B12E1 /* Info.plist */,
				EDD271181D0006DE006B12E1 /* Supporting Files */,
			);
			path = KeyChainDemo;
			sourceTree = "<group>";
		};
		EDD271181D0006DE006B12E1 /* Supporting Files */ = {
			isa = PBXGroup;
			children = (
				EDD271191D0006DE006B12E1 /* main.m */,
			);
			name = "Supporting Files";
			sourceTree = "<group>";
		};
/* End PBXGroup section */

/* Begin PBXNativeTarget section */
		EDD271141D0006DE006B12E1 /* KeyChainDemo */ = {
			isa = PBXNativeTarget;
			buildConfigurationList = EDD2712C1D0006DE006B12E1 /* Build configuration list for PBXNativeTarget "KeyChainDemo" */;
			buildPhases = (
				EDD271111D0006DE006B12E1 /* Sources */,
				EDD271121D0006DE006B12E1 /* Frameworks */,
				EDD271131D0006DE006B12E1 /* Resources */,
			);
			buildRules = (
			);
			dependencies = (
			);
			name = KeyChainDemo;
			productName = KeyChainDemo;
			productReference = EDD271151D0006DE006B12E1 /* KeyChainDemo.app */;
			productType = "com.apple.product-type.application";
		};
/* End PBXNativeTarget section */

/* Begin PBXProject section */
		EDD2710D1D0006DE006B12E1 /* Project object */ = {
			isa = PBXProject;
			attributes = {
				LastUpgradeCheck = 0810;
				ORGANIZATIONNAME = "陈星妤";
				TargetAttributes = {
					EDD271141D0006DE006B12E1 = {
						CreatedOnToolsVersion = 7.2.1;
						DevelopmentTeam = 9L7642562Y;
						SystemCapabilities = {
							com.apple.Keychain = {
								enabled = 1;
							};
						};
					};
				};
			};
			buildConfigurationList = EDD271101D0006DE006B12E1 /* Build configuration list for PBXProject "KeyChainDemo" */;
			compatibilityVersion = "Xcode 3.2";
			developmentRegion = English;
			hasScannedForEncodings = 0;
			knownRegions = (
				en,
				Base,
			);
			mainGroup = EDD2710C1D0006DE006B12E1;
			productRefGroup = EDD271161D0006DE006B12E1 /* Products */;
			projectDirPath = "";
			projectRoot = "";
			targets = (
				EDD271141D0006DE006B12E1 /* KeyChainDemo */,
			);
		};
/* End PBXProject section */

/* Begin PBXResourcesBuildPhase section */
		EDD271131D0006DE006B12E1 /* Resources */ = {
			isa = PBXResourcesBuildPhase;
			buildActionMask = 2147483647;
			files = (
				EDD271281D0006DE006B12E1 /* LaunchScreen.storyboard in Resources */,
				EDD271251D0006DE006B12E1 /* Assets.xcassets in Resources */,
				EDD271231D0006DE006B12E1 /* Main.storyboard in Resources */,
			);
			runOnlyForDeploymentPostprocessing = 0;
		};
/* End PBXResourcesBuildPhase section */

/* Begin PBXSourcesBuildPhase section */
		EDD271111D0006DE006B12E1 /* Sources */ = {
			isa = PBXSourcesBuildPhase;
			buildActionMask = 2147483647;
			files = (
				051250881EA30A0F0068615B /* JKRPerson.m in Sources */,
				EDD271201D0006DE006B12E1 /* ViewController.m in Sources */,
				0512503C1E9D1A2D0068615B /* JKRKeyChainTool.m in Sources */,
				EDD2711D1D0006DE006B12E1 /* AppDelegate.m in Sources */,
				EDD2711A1D0006DE006B12E1 /* main.m in Sources */,
			);
			runOnlyForDeploymentPostprocessing = 0;
		};
/* End PBXSourcesBuildPhase section */

/* Begin PBXVariantGroup section */
		EDD271211D0006DE006B12E1 /* Main.storyboard */ = {
			isa = PBXVariantGroup;
			children = (
				EDD271221D0006DE006B12E1 /* Base */,
			);
			name = Main.storyboard;
			sourceTree = "<group>";
		};
		EDD271261D0006DE006B12E1 /* LaunchScreen.storyboard */ = {
			isa = PBXVariantGroup;
			children = (
				EDD271271D0006DE006B12E1 /* Base */,
			);
			name = LaunchScreen.storyboard;
			sourceTree = "<group>";
		};
/* End PBXVariantGroup section */

/* Begin XCBuildConfiguration section */
		EDD2712A1D0006DE006B12E1 /* Debug */ = {
			isa = XCBuildConfiguration;
			buildSettings = {
				ALWAYS_SEARCH_USER_PATHS = NO;
				CLANG_CXX_LANGUAGE_STANDARD = "gnu++0x";
				CLANG_CXX_LIBRARY = "libc++";
				CLANG_ENABLE_MODULES = YES;
				CLANG_ENABLE_OBJC_ARC = YES;
				CLANG_WARN_BOOL_CONVERSION = YES;
				CLANG_WARN_CONSTANT_CONVERSION = YES;
				CLANG_WARN_DIRECT_OBJC_ISA_USAGE = YES_ERROR;
				CLANG_WARN_EMPTY_BODY = YES;
				CLANG_WARN_ENUM_CONVERSION = YES;
				CLANG_WARN_INFINITE_RECURSION = YES;
				CLANG_WARN_INT_CONVERSION = YES;
				CLANG_WARN_OBJC_ROOT_CLASS = YES_ERROR;
				CLANG_WARN_SUSPICIOUS_MOVE = YES;
				CLANG_WARN_UNREACHABLE_CODE = YES;
				CLANG_WARN__DUPLICATE_METHOD_MATCH = YES;
				"CODE_SIGN_IDENTITY[sdk=iphoneos*]" = "iPhone Developer";
				COPY_PHASE_STRIP = NO;
				DEBUG_INFORMATION_FORMAT = dwarf;
				ENABLE_STRICT_OBJC_MSGSEND = YES;
				ENABLE_TESTABILITY = YES;
				GCC_C_LANGUAGE_STANDARD = gnu99;
				GCC_DYNAMIC_NO_PIC = NO;
				GCC_NO_COMMON_BLOCKS = YES;
				GCC_OPTIMIZATION_LEVEL = 0;
				GCC_PREPROCESSOR_DEFINITIONS = (
					"DEBUG=1",
					"$(inherited)",
				);
				GCC_WARN_64_TO_32_BIT_CONVERSION = YES;
				GCC_WARN_ABOUT_RETURN_TYPE = YES_ERROR;
				GCC_WARN_UNDECLARED_SELECTOR = YES;
				GCC_WARN_UNINITIALIZED_AUTOS = YES_AGGRESSIVE;
				GCC_WARN_UNUSED_FUNCTION = YES;
				GCC_WARN_UNUSED_VARIABLE = YES;
				IPHONEOS_DEPLOYMENT_TARGET = 9.2;
				MTL_ENABLE_DEBUG_INFO = YES;
				ONLY_ACTIVE_ARCH = YES;
				SDKROOT = iphoneos;
				TARGETED_DEVICE_FAMILY = "1,2";
			};
			name = Debug;
		};
		EDD2712B1D0006DE006B12E1 /* Release */ = {
			isa = XCBuildConfiguration;
			buildSettings = {
				ALWAYS_SEARCH_USER_PATHS = NO;
				CLANG_CXX_LANGUAGE_STANDARD = "gnu++0x";
				CLANG_CXX_LIBRARY = "libc++";
				CLANG_ENABLE_MODULES = YES;
				CLANG_ENABLE_OBJC_ARC = YES;
				CLANG_WARN_BOOL_CONVERSION = YES;
				CLANG_WARN_CONSTANT_CONVERSION = YES;
				CLANG_WARN_DIRECT_OBJC_ISA_USAGE = YES_ERROR;
				CLANG_WARN_EMPTY_BODY = YES;
				CLANG_WARN_ENUM_CONVERSION = YES;
				CLANG_WARN_INFINITE_RECURSION = YES;
				CLANG_WARN_INT_CONVERSION = YES;
				CLANG_WARN_OBJC_ROOT_CLASS = YES_ERROR;
				CLANG_WARN_SUSPICIOUS_MOVE = YES;
				CLANG_WARN_UNREACHABLE_CODE = YES;
				CLANG_WARN__DUPLICATE_METHOD_MATCH = YES;
				"CODE_SIGN_IDENTITY[sdk=iphoneos*]" = "iPhone Developer";
				COPY_PHASE_STRIP = NO;
				DEBUG_INFORMATION_FORMAT = "dwarf-with-dsym";
				ENABLE_NS_ASSERTIONS = NO;
				ENABLE_STRICT_OBJC_MSGSEND = YES;
				GCC_C_LANGUAGE_STANDARD = gnu99;
				GCC_NO_COMMON_BLOCKS = YES;
				GCC_WARN_64_TO_32_BIT_CONVERSION = YES;
				GCC_WARN_ABOUT_RETURN_TYPE = YES_ERROR;
				GCC_WARN_UNDECLARED_SELECTOR = YES;
				GCC_WARN_UNINITIALIZED_AUTOS = YES_AGGRESSIVE;
				GCC_WARN_UNUSED_FUNCTION = YES;
				GCC_WARN_UNUSED_VARIABLE = YES;
				IPHONEOS_DEPLOYMENT_TARGET = 9.2;
				MTL_ENABLE_DEBUG_INFO = NO;
				SDKROOT = iphoneos;
				TARGETED_DEVICE_FAMILY = "1,2";
				VALIDATE_PRODUCT = YES;
			};
			name = Release;
		};
		EDD2712D1D0006DE006B12E1 /* Debug */ = {
			isa = XCBuildConfiguration;
			buildSettings = {
				ASSETCATALOG_COMPILER_APPICON_NAME = AppIcon;
				CODE_SIGN_ENTITLEMENTS = KeyChainDemo/KeyChainDemo.entitlements;
				DEVELOPMENT_TEAM = 9L7642562Y;
				INFOPLIST_FILE = KeyChainDemo/Info.plist;
				LD_RUNPATH_SEARCH_PATHS = "$(inherited) @executable_path/Frameworks";
				PRODUCT_BUNDLE_IDENTIFIER = com.tronsis.bigggggggg.KeyChainDemo;
				PRODUCT_NAME = "$(TARGET_NAME)";
			};
			name = Debug;
		};
		EDD2712E1D0006DE006B12E1 /* Release */ = {
			isa = XCBuildConfiguration;
			buildSettings = {
				ASSETCATALOG_COMPILER_APPICON_NAME = AppIcon;
				CODE_SIGN_ENTITLEMENTS = KeyChainDemo/KeyChainDemo.entitlements;
				DEVELOPMENT_TEAM = 9L7642562Y;
				INFOPLIST_FILE = KeyChainDemo/Info.plist;
				LD_RUNPATH_SEARCH_PATHS = "$(inherited) @executable_path/Frameworks";
				PRODUCT_BUNDLE_IDENTIFIER = com.tronsis.bigggggggg.KeyChainDemo;
				PRODUCT_NAME = "$(TARGET_NAME)";
			};
			name = Release;
		};
/* End XCBuildConfiguration section */

/* Begin XCConfigurationList section */
		EDD271101D0006DE006B12E1 /* Build configuration list for PBXProject "KeyChainDemo" */ = {
			isa = XCConfigurationList;
			buildConfigurations = (
				EDD2712A1D0006DE006B12E1 /* Debug */,
				EDD2712B1D0006DE006B12E1 /* Release */,
			);
			defaultConfigurationIsVisible = 0;
			defaultConfigurationName = Release;
		};
		EDD2712C1D0006DE006B12E1 /* Build configuration list for PBXNativeTarget "KeyChainDemo" */ = {
			isa = XCConfigurationList;
			buildConfigurations = (
				EDD2712D1D0006DE006B12E1 /* Debug */,
				EDD2712E1D0006DE006B12E1 /* Release */,
			);
			defaultConfigurationIsVisible = 0;
			defaultConfigurationName = Release;
		};
/* End XCConfigurationList section */
	};
	rootObject = EDD2710D1D0006DE006B12E1 /* Project object */;
}
